DEPENDENCIES
  mongodb
    path: ../chef-mongodb
  my_mongo
    path: .
    metadata: true

GRAPH
  apt (2.8.2)
  build-essential (2.2.3)
  mongodb (0.16.3)
    apt (>= 1.8.2)
    python (>= 0.0.0)
    yum (>= 3.0.0)
  my_mongo (2.0.0)
    mongodb (>= 0.0.0)
  python (1.4.6)
    build-essential (>= 0.0.0)
    yum-epel (>= 0.0.0)
  yum (3.6.3)
  yum-epel (0.6.2)
    yum (~> 3.2)
